PODS:
  - FlutterMacOS (1.0.0)
  - rate_my_app (2.3.2):
    - Flutter
    - FlutterMacOS
  - shared_preferences_foundation (0.0.1):
    - Flutter
    - FlutterMacOS

DEPENDENCIES:
  - FlutterMacOS (from `Flutter/ephemeral`)
  - rate_my_app (from `Flutter/ephemeral/.symlinks/plugins/rate_my_app/darwin`)
  - shared_preferences_foundation (from `Flutter/ephemeral/.symlinks/plugins/shared_preferences_foundation/darwin`)

EXTERNAL SOURCES:
  FlutterMacOS:
    :path: Flutter/ephemeral
  rate_my_app:
    :path: Flutter/ephemeral/.symlinks/plugins/rate_my_app/darwin
  shared_preferences_foundation:
    :path: Flutter/ephemeral/.symlinks/plugins/shared_preferences_foundation/darwin

SPEC CHECKSUMS:
  FlutterMacOS: d0db08ddef1a9af05a5ec4b724367152bb0500b1
  rate_my_app: 3f1a11d38f073338014bf4d427a9f9a559dcaafd
  shared_preferences_foundation: 5086985c1d43c5ba4d5e69a4e8083a389e2909e6

PODFILE CHECKSUM: 9ebaf0ce3d369aaa26a9ea0e159195ed94724cf3

COCOAPODS: 1.16.2
